PackratFormat: 1.4
PackratVersion: 0.5.0
RVersion: 3.6.3
Repos: CRAN=https://cran.rstudio.com/

Package: Rcpp
Source: CRAN
Version: 1.0.4.6
Hash: 8b95553bc32a59321b8981aa02bfbf72

Package: base64enc
Source: CRAN
Version: 0.1-3
Hash: c590d29e555926af053055e23ee79efb

Package: digest
Source: CRAN
Version: 0.6.25
Hash: ec0a673866797c8c1fc1daa359fb4cad

Package: evaluate
Source: CRAN
Version: 0.14
Hash: 18306cc3bc1aec7b7360eea8a0eb0ee1

Package: glue
Source: CRAN
Version: 1.4.0
Hash: 21e4ea62a77239a9fc736d5b01338163

Package: highr
Source: CRAN
Version: 0.8
Hash: 16aa2cc98d7b68c9d148c263c8dcdbcd

Package: htmltools
Source: CRAN
Version: 0.4.0
Hash: 140efd8a56fc8404e81f7ac44731ce47
Requires: Rcpp, digest, rlang

Package: jsonlite
Source: CRAN
Version: 1.6.1
Hash: bfde5e6072ca0f5226f49e457a9ba62d

Package: knitr
Source: CRAN
Version: 1.28
Hash: 408899ff6416ccf790182c95c8fa9c81
Requires: evaluate, highr, markdown, stringr, xfun, yaml

Package: magrittr
Source: CRAN
Version: 1.5
Hash: bdc4d48c3135e8f3b399536ddf160df4

Package: markdown
Source: CRAN
Version: 1.1
Hash: 1b6a18fd395589425e338a47b999099f
Requires: mime, xfun

Package: mime
Source: CRAN
Version: 0.9
Hash: f3388735b4ddea072aff3be44f7f4968

Package: packrat
Source: CRAN
Version: 0.5.0
Hash: 498643e765d1442ba7b1160a1df3abf9

Package: rlang
Source: CRAN
Version: 0.4.5
Hash: 99d62d0aaf54a9938784f4485efa9933

Package: rmarkdown
Source: CRAN
Version: 2.1
Hash: 8693e30146ce847a75c5eeff9a42b0d9
Requires: base64enc, evaluate, htmltools, jsonlite, knitr, mime,
    stringr, tinytex, xfun, yaml

Package: stringi
Source: CRAN
Version: 1.4.6
Hash: 076b0f115b37ca6d551ccff96b91114e

Package: stringr
Source: CRAN
Version: 1.4.0
Hash: 67da32dbb2a7a16f2ef124336358e54a
Requires: glue, magrittr, stringi

Package: testit
Source: CRAN
Version: 0.11

Package: tinytex
Source: CRAN
Version: 0.22
Hash: 3caad813c309bf230229b9025ac0a28e
Requires: xfun

Package: xfun
Source: CRAN
Version: 0.13
Hash: 27ad2c3d9cc614cfb92e1bb51b62f5f6

Package: yaml
Source: CRAN
Version: 2.2.1
Hash: 424bc11cc358f23187feaa7978628196
